<?xml version="1.0" encoding="utf-8"?>
<Project ToolsVersion="4.0" xmlns="http://schemas.microsoft.com/developer/msbuild/2003">
  <ItemGroup>
    <Filter Include="main">
      <UniqueIdentifier>{fcc66c1e-1ae1-40aa-bd0a-970cb61069ef}</UniqueIdentifier>
    </Filter>
    <Filter Include="thirdparty">
      <UniqueIdentifier>{2c269bf2-0182-4c71-a18e-b1dcf28d234a}</UniqueIdentifier>
    </Filter>
    <Filter Include="thirdparty\glfw">
      <UniqueIdentifier>{6159c254-e153-4cf7-995f-584fc1ea98c9}</UniqueIdentifier>
    </Filter>
    <Filter Include="gpu">
      <UniqueIdentifier>{e89c9dd2-4cbb-4a00-add2-05d3a2a6aa3d}</UniqueIdentifier>
    </Filter>
    <Filter Include="gpu\vlk">
      <UniqueIdentifier>{ac42e06d-b520-45ff-9d79-8c01776dacd9}</UniqueIdentifier>
    </Filter>
    <Filter Include="thirdparty\vma">
      <UniqueIdentifier>{d5d4e737-bbc0-40d2-a606-3b1644a288a3}</UniqueIdentifier>
    </Filter>
    <Filter Include="thirdparty\fmt">
      <UniqueIdentifier>{08353166-0e61-4a4b-82d8-b9c2bc0c2a42}</UniqueIdentifier>
    </Filter>
    <Filter Include="thirdparty\glm">
      <UniqueIdentifier>{dc6e6d31-527f-4328-8d72-88180a4e6dc6}</UniqueIdentifier>
    </Filter>
    <Filter Include="gpu\vlk\descriptors">
      <UniqueIdentifier>{1b08cc35-8a14-469f-b6e4-a7ccb3fc1c8c}</UniqueIdentifier>
    </Filter>
    <Filter Include="gpu\vlk\pipelines">
      <UniqueIdentifier>{572d9efb-b4c4-4678-956d-39bbbcc20f08}</UniqueIdentifier>
    </Filter>
    <Filter Include="thirdparty\imgui">
      <UniqueIdentifier>{39c5fbaa-1c59-48da-8718-ca3490f1bde6}</UniqueIdentifier>
    </Filter>
    <Filter Include="ecs">
      <UniqueIdentifier>{defb63a4-b5ac-4182-951e-bf646df159f9}</UniqueIdentifier>
    </Filter>
    <Filter Include="ecs\components">
      <UniqueIdentifier>{8593c0cc-caec-41e5-9100-0415a850a49e}</UniqueIdentifier>
    </Filter>
    <Filter Include="ecs\systems">
      <UniqueIdentifier>{7a714f57-1dcc-4720-9728-248165386ee9}</UniqueIdentifier>
    </Filter>
    <Filter Include="editor">
      <UniqueIdentifier>{2ea6d778-b936-47eb-b681-841d6d59508c}</UniqueIdentifier>
    </Filter>
    <Filter Include="thirdparty\tinygltf">
      <UniqueIdentifier>{6e781f41-c854-491a-9fbf-d8bf90dffce2}</UniqueIdentifier>
    </Filter>
  </ItemGroup>
  <ItemGroup>
    <ClInclude Include="..\thirdparty\glfw\glfw.h">
      <Filter>thirdparty\glfw</Filter>
    </ClInclude>
    <ClInclude Include="main\build_config.h">
      <Filter>main</Filter>
    </ClInclude>
    <ClInclude Include="main\window.h">
      <Filter>main</Filter>
    </ClInclude>
    <ClInclude Include="gpu\gpu.h">
      <Filter>gpu</Filter>
    </ClInclude>
    <ClInclude Include="gpu\gpu_texture.h">
      <Filter>gpu</Filter>
    </ClInclude>
    <ClInclude Include="gpu\gpu_material.h">
      <Filter>gpu</Filter>
    </ClInclude>
    <ClInclude Include="gpu\gpu_model.h">
      <Filter>gpu</Filter>
    </ClInclude>
    <ClInclude Include="gpu\vlk\vlk.h">
      <Filter>gpu\vlk</Filter>
    </ClInclude>
    <ClInclude Include="gpu\vlk\vlk_device.h">
      <Filter>gpu\vlk</Filter>
    </ClInclude>
    <ClInclude Include="gpu\vlk\vlk_gpu.h">
      <Filter>gpu\vlk</Filter>
    </ClInclude>
    <ClInclude Include="..\thirdparty\vma\vk_mem_alloc.h">
      <Filter>thirdparty\vma</Filter>
    </ClInclude>
    <ClInclude Include="..\thirdparty\vma\vma.h">
      <Filter>thirdparty\vma</Filter>
    </ClInclude>
    <ClInclude Include="gpu\vlk\vlk_util.h">
      <Filter>gpu\vlk</Filter>
    </ClInclude>
    <ClInclude Include="main\log.h">
      <Filter>main</Filter>
    </ClInclude>
    <ClInclude Include="gpu\vlk\vlk_window.h">
      <Filter>gpu\vlk</Filter>
    </ClInclude>
    <ClInclude Include="gpu\vlk\vlk_frame.h">
      <Filter>gpu\vlk</Filter>
    </ClInclude>
    <ClInclude Include="gpu\gpu_frame.h">
      <Filter>gpu</Filter>
    </ClInclude>
    <ClInclude Include="main\app.h">
      <Filter>main</Filter>
    </ClInclude>
    <ClInclude Include="gpu\gpu_window.h">
      <Filter>gpu</Filter>
    </ClInclude>
    <ClInclude Include="main\common.h">
      <Filter>main</Filter>
    </ClInclude>
    <ClInclude Include="gpu\vlk\vlk_buffer.h">
      <Filter>gpu\vlk</Filter>
    </ClInclude>
    <ClInclude Include="main\camera.h">
      <Filter>main</Filter>
    </ClInclude>
    <ClInclude Include="gpu\vlk\vlk_swapchain.h">
      <Filter>gpu\vlk</Filter>
    </ClInclude>
    <ClInclude Include="gpu\vlk\descriptors\vlk_per_view_layout.h">
      <Filter>gpu\vlk\descriptors</Filter>
    </ClInclude>
    <ClInclude Include="gpu\vlk\descriptors\vlk_per_view_set.h">
      <Filter>gpu\vlk\descriptors</Filter>
    </ClInclude>
    <ClInclude Include="gpu\vlk\descriptors\vlk_material_layout.h">
      <Filter>gpu\vlk\descriptors</Filter>
    </ClInclude>
    <ClInclude Include="gpu\vlk\descriptors\vlk_descriptor_layout.h">
      <Filter>gpu\vlk\descriptors</Filter>
    </ClInclude>
    <ClInclude Include="gpu\vlk\pipelines\vlk_pipeline.h">
      <Filter>gpu\vlk\pipelines</Filter>
    </ClInclude>
    <ClInclude Include="gpu\vlk\pipelines\vlk_imgui_pipeline.h">
      <Filter>gpu\vlk\pipelines</Filter>
    </ClInclude>
    <ClInclude Include="gpu\vlk\pipelines\vlk_picker_pipeline.h">
      <Filter>gpu\vlk\pipelines</Filter>
    </ClInclude>
    <ClInclude Include="gpu\vlk\vlk_texture.h">
      <Filter>gpu\vlk</Filter>
    </ClInclude>
    <ClInclude Include="main\utl.h">
      <Filter>main</Filter>
    </ClInclude>
    <ClInclude Include="main\filesystem.h">
      <Filter>main</Filter>
    </ClInclude>
    <ClInclude Include="main\lua.h">
      <Filter>main</Filter>
    </ClInclude>
    <ClInclude Include="ecs\ecs.h">
      <Filter>ecs</Filter>
    </ClInclude>
    <ClInclude Include="ecs\ecs_component.h">
      <Filter>ecs</Filter>
    </ClInclude>
    <ClInclude Include="ecs\components\ecs_model_component.h">
      <Filter>ecs\components</Filter>
    </ClInclude>
    <ClInclude Include="ecs\components\ecs_transform_component.h">
      <Filter>ecs\components</Filter>
    </ClInclude>
    <ClInclude Include="ecs\ecs_component_manager.h">
      <Filter>ecs</Filter>
    </ClInclude>
    <ClInclude Include="ecs\ecs_.h">
      <Filter>ecs</Filter>
    </ClInclude>
    <ClInclude Include="editor\ed_dialog.h">
      <Filter>editor</Filter>
    </ClInclude>
    <ClInclude Include="editor\ed_file_picker_dialog.h">
      <Filter>editor</Filter>
    </ClInclude>
    <ClInclude Include="ecs\systems\ecs_input_system.h">
      <Filter>ecs\systems</Filter>
    </ClInclude>
    <ClInclude Include="ecs\systems\ecs_render_system.h">
      <Filter>ecs\systems</Filter>
    </ClInclude>
    <ClInclude Include="ecs\components\ecs_input_singleton.h">
      <Filter>ecs\components</Filter>
    </ClInclude>
    <ClInclude Include="editor\ed.h">
      <Filter>editor</Filter>
    </ClInclude>
    <ClInclude Include="main\world.h">
      <Filter>main</Filter>
    </ClInclude>
    <ClInclude Include="ecs\components\ecs_loader_singleton.h">
      <Filter>ecs\components</Filter>
    </ClInclude>
    <ClInclude Include="ecs\systems\ecs_loader_system.h">
      <Filter>ecs\systems</Filter>
    </ClInclude>
    <ClInclude Include="gpu\gpu_factory.h">
      <Filter>gpu</Filter>
    </ClInclude>
    <ClInclude Include="gpu\vlk\vlk_factory.h">
      <Filter>gpu\vlk</Filter>
    </ClInclude>
    <ClInclude Include="..\thirdparty\tinygltf\tiny_gltf.h">
      <Filter>thirdparty\tinygltf</Filter>
    </ClInclude>
    <ClInclude Include="gpu\vlk\vlk_model.h">
      <Filter>gpu\vlk</Filter>
    </ClInclude>
    <ClInclude Include="gpu\vlk\pipelines\vlk_gltf_pipeline.h">
      <Filter>gpu\vlk\pipelines</Filter>
    </ClInclude>
    <ClInclude Include="gpu\vlk\pipelines\vlk_pipeline_cache.h">
      <Filter>gpu\vlk\pipelines</Filter>
    </ClInclude>
    <ClInclude Include="gpu\vlk\pipelines\vlk_pipeline_create_info.h">
      <Filter>gpu\vlk\pipelines</Filter>
    </ClInclude>
  </ItemGroup>
  <ItemGroup>
    <ClCompile Include="main\main.cpp">
      <Filter>main</Filter>
    </ClCompile>
    <ClCompile Include="main\window.cpp">
      <Filter>main</Filter>
    </ClCompile>
    <ClCompile Include="gpu\gpu.cpp">
      <Filter>gpu</Filter>
    </ClCompile>
    <ClCompile Include="gpu\gpu_material.cpp">
      <Filter>gpu</Filter>
    </ClCompile>
    <ClCompile Include="gpu\gpu_model.cpp">
      <Filter>gpu</Filter>
    </ClCompile>
    <ClCompile Include="gpu\gpu_texture.cpp">
      <Filter>gpu</Filter>
    </ClCompile>
    <ClCompile Include="gpu\vlk\vlk.cpp">
      <Filter>gpu\vlk</Filter>
    </ClCompile>
    <ClCompile Include="..\thirdparty\vma\vma.cpp">
      <Filter>thirdparty\vma</Filter>
    </ClCompile>
    <ClCompile Include="main\log.cpp">
      <Filter>main</Filter>
    </ClCompile>
    <ClCompile Include="..\thirdparty\fmt\src\format.cc">
      <Filter>thirdparty\fmt</Filter>
    </ClCompile>
    <ClCompile Include="gpu\vlk\vlk_util.cpp">
      <Filter>gpu\vlk</Filter>
    </ClCompile>
    <ClCompile Include="gpu\vlk\vlk_device.cpp">
      <Filter>gpu\vlk</Filter>
    </ClCompile>
    <ClCompile Include="gpu\vlk\vlk_window.cpp">
      <Filter>gpu\vlk</Filter>
    </ClCompile>
    <ClCompile Include="gpu\vlk\vlk_frame.cpp">
      <Filter>gpu\vlk</Filter>
    </ClCompile>
    <ClCompile Include="gpu\gpu_frame.cpp">
      <Filter>gpu</Filter>
    </ClCompile>
    <ClCompile Include="main\app.cpp">
      <Filter>main</Filter>
    </ClCompile>
    <ClCompile Include="gpu\gpu_window.cpp">
      <Filter>gpu</Filter>
    </ClCompile>
    <ClCompile Include="gpu\vlk\vlk_gpu.cpp">
      <Filter>gpu\vlk</Filter>
    </ClCompile>
    <ClCompile Include="gpu\vlk\vlk_buffer.cpp">
      <Filter>gpu\vlk</Filter>
    </ClCompile>
    <ClCompile Include="main\camera.cpp">
      <Filter>main</Filter>
    </ClCompile>
    <ClCompile Include="..\thirdparty\glm\glm.cpp">
      <Filter>thirdparty\glm</Filter>
    </ClCompile>
    <ClCompile Include="gpu\vlk\vlk_swapchain.cpp">
      <Filter>gpu\vlk</Filter>
    </ClCompile>
    <ClCompile Include="gpu\vlk\descriptors\vlk_per_view_layout.cpp">
      <Filter>gpu\vlk\descriptors</Filter>
    </ClCompile>
    <ClCompile Include="gpu\vlk\descriptors\vlk_per_view_set.cpp">
      <Filter>gpu\vlk\descriptors</Filter>
    </ClCompile>
    <ClCompile Include="gpu\vlk\descriptors\vlk_descriptor_layout.cpp">
      <Filter>gpu\vlk\descriptors</Filter>
    </ClCompile>
    <ClCompile Include="gpu\vlk\descriptors\vlk_material_layout.cpp">
      <Filter>gpu\vlk\descriptors</Filter>
    </ClCompile>
    <ClCompile Include="gpu\vlk\pipelines\vlk_pipeline.cpp">
      <Filter>gpu\vlk\pipelines</Filter>
    </ClCompile>
    <ClCompile Include="gpu\vlk\pipelines\vlk_imgui_pipeline.cpp">
      <Filter>gpu\vlk\pipelines</Filter>
    </ClCompile>
    <ClCompile Include="gpu\vlk\pipelines\vlk_picker_pipeline.cpp">
      <Filter>gpu\vlk\pipelines</Filter>
    </ClCompile>
    <ClCompile Include="..\thirdparty\imgui\imgui.cpp">
      <Filter>thirdparty\imgui</Filter>
    </ClCompile>
    <ClCompile Include="gpu\vlk\vlk_texture.cpp">
      <Filter>gpu\vlk</Filter>
    </ClCompile>
    <ClCompile Include="..\thirdparty\imgui\imgui_draw.cpp">
      <Filter>thirdparty\imgui</Filter>
    </ClCompile>
    <ClCompile Include="..\thirdparty\imgui\imgui_widgets.cpp">
      <Filter>thirdparty\imgui</Filter>
    </ClCompile>
    <ClCompile Include="main\filesystem.cpp">
      <Filter>main</Filter>
    </ClCompile>
    <ClCompile Include="main\lua.cpp">
      <Filter>main</Filter>
    </ClCompile>
    <ClCompile Include="ecs\ecs.cpp">
      <Filter>ecs</Filter>
    </ClCompile>
    <ClCompile Include="editor\ed_dialog.cpp">
      <Filter>editor</Filter>
    </ClCompile>
    <ClCompile Include="editor\ed_file_picker_dialog.cpp">
      <Filter>editor</Filter>
    </ClCompile>
    <ClCompile Include="ecs\systems\ecs_input_system.cpp">
      <Filter>ecs\systems</Filter>
    </ClCompile>
    <ClCompile Include="ecs\systems\ecs_render_system.cpp">
      <Filter>ecs\systems</Filter>
    </ClCompile>
    <ClCompile Include="editor\ed.cpp">
      <Filter>editor</Filter>
    </ClCompile>
    <ClCompile Include="main\world.cpp">
      <Filter>main</Filter>
    </ClCompile>
    <ClCompile Include="ecs\components\ecs_model_component.cpp">
      <Filter>ecs\components</Filter>
    </ClCompile>
    <ClCompile Include="ecs\components\ecs_transform_component.cpp">
      <Filter>ecs\components</Filter>
    </ClCompile>
    <ClCompile Include="ecs\systems\ecs_loader_system.cpp">
      <Filter>ecs\systems</Filter>
    </ClCompile>
    <ClCompile Include="..\thirdparty\tinygltf\tiny_gltf.cpp">
      <Filter>thirdparty\tinygltf</Filter>
    </ClCompile>
    <ClCompile Include="gpu\gpu_factory.cpp">
      <Filter>gpu</Filter>
    </ClCompile>
    <ClCompile Include="gpu\vlk\vlk_factory.cpp">
      <Filter>gpu\vlk</Filter>
    </ClCompile>
    <ClCompile Include="gpu\vlk\vlk_model.cpp">
      <Filter>gpu\vlk</Filter>
    </ClCompile>
    <ClCompile Include="gpu\vlk\pipelines\vlk_gltf_pipeline.cpp">
      <Filter>gpu\vlk\pipelines</Filter>
    </ClCompile>
    <ClCompile Include="gpu\vlk\pipelines\vlk_pipeline_cache.cpp">
      <Filter>gpu\vlk\pipelines</Filter>
    </ClCompile>
  </ItemGroup>
</Project>